
Microsoft Visual Studio Solution File, Format Version 12.00
# Visual Studio 15
VisualStudioVersion = 15.0.27130.2036
MinimumVisualStudioVersion = 10.0.40219.1
Project("{888888A0-9F3D-457C-B088-3A5042F75D52}") = "Blackjack", "Blackjack.pyproj", "{B5741494-D27F-4E9E-84B2-5344A2C27E86}"
EndProject
Global
	GlobalSection(SolutionConfigurationPlatforms) = preSolution
		Debug|Any CPU = Debug|Any CPU
		Release|Any CPU = Release|Any CPU
	EndGlobalSection
	GlobalSection(ProjectConfigurationPlatforms) = postSolution
		{B5741494-D27F-4E9E-84B2-5344A2C27E86}.Debug|Any CPU.ActiveCfg = Debug|Any CPU
		{B5741494-D27F-4E9E-84B2-5344A2C27E86}.Release|Any CPU.ActiveCfg = Release|Any CPU
	EndGlobalSection
	GlobalSection(SolutionProperties) = preSolution
		HideSolutionNode = FALSE
	EndGlobalSection
	GlobalSection(ExtensibilityGlobals) = postSolution
		SolutionGuid = {6BA4FCEC-2998-4557-9ED5-DDC77C352E84}
	EndGlobalSection
EndGlobal
