
Microsoft Visual Studio Solution File, Format Version 12.00
# Visual Studio 15
VisualStudioVersion = 15.0.27428.2015
MinimumVisualStudioVersion = 10.0.40219.1
Project("{888888A0-9F3D-457C-B088-3A5042F75D52}") = "WeatherApp", "WeatherApp\WeatherApp.pyproj", "{7B76A66C-F245-407D-B753-F4D257D13FA7}"
EndProject
Global
	GlobalSection(SolutionConfigurationPlatforms) = preSolution
		Debug|Any CPU = Debug|Any CPU
		Release|Any CPU = Release|Any CPU
	EndGlobalSection
	GlobalSection(ProjectConfigurationPlatforms) = postSolution
		{7B76A66C-F245-407D-B753-F4D257D13FA7}.Debug|Any CPU.ActiveCfg = Debug|Any CPU
		{7B76A66C-F245-407D-B753-F4D257D13FA7}.Release|Any CPU.ActiveCfg = Release|Any CPU
	EndGlobalSection
	GlobalSection(SolutionProperties) = preSolution
		HideSolutionNode = FALSE
	EndGlobalSection
	GlobalSection(ExtensibilityGlobals) = postSolution
		SolutionGuid = {AC2DE0FA-4CF6-4667-8959-25902D112431}
	EndGlobalSection
EndGlobal
